
Microsoft Visual Studio Solution File, Format Version 12.00
# Visual Studio 15
VisualStudioVersion = 15.0.28010.2046
MinimumVisualStudioVersion = 10.0.40219.1
Project("{2150E333-8FDC-42A3-9474-1A3956D46DE8}") = "src", "src", "{681A74CB-5FC4-4F1E-A6C1-B24B1D5D173B}"
EndProject
Project("{9A19103F-16F7-4668-BE54-9A1E7A4F7556}") = "Tars.Net.CLI", "src\Tars.Net.CLI\Tars.Net.CLI.csproj", "{96DB4C43-9847-4746-B9DC-68E7D2008720}"
EndProject
Project("{2150E333-8FDC-42A3-9474-1A3956D46DE8}") = "test", "test", "{3B65C304-7EAE-4F50-9894-1219509AFDCB}"
EndProject
Project("{9A19103F-16F7-4668-BE54-9A1E7A4F7556}") = "UT", "test\UT\UT.csproj", "{C7912BDD-73E6-4168-8282-570CA2B13D42}"
EndProject
Project("{FAE04EC0-301F-11D3-BF4B-00C04F79EFBC}") = "Gen", "src\Gen\Gen.csproj", "{E2C28E27-190A-40EA-B94D-8E7D81E630DF}"
EndProject
Global
	GlobalSection(SolutionConfigurationPlatforms) = preSolution
		Debug|Any CPU = Debug|Any CPU
		Release|Any CPU = Release|Any CPU
	EndGlobalSection
	GlobalSection(ProjectConfigurationPlatforms) = postSolution
		{96DB4C43-9847-4746-B9DC-68E7D2008720}.Debug|Any CPU.ActiveCfg = Debug|Any CPU
		{96DB4C43-9847-4746-B9DC-68E7D2008720}.Debug|Any CPU.Build.0 = Debug|Any CPU
		{96DB4C43-9847-4746-B9DC-68E7D2008720}.Release|Any CPU.ActiveCfg = Release|Any CPU
		{96DB4C43-9847-4746-B9DC-68E7D2008720}.Release|Any CPU.Build.0 = Release|Any CPU
		{C7912BDD-73E6-4168-8282-570CA2B13D42}.Debug|Any CPU.ActiveCfg = Debug|Any CPU
		{C7912BDD-73E6-4168-8282-570CA2B13D42}.Debug|Any CPU.Build.0 = Debug|Any CPU
		{C7912BDD-73E6-4168-8282-570CA2B13D42}.Release|Any CPU.ActiveCfg = Release|Any CPU
		{C7912BDD-73E6-4168-8282-570CA2B13D42}.Release|Any CPU.Build.0 = Release|Any CPU
		{E2C28E27-190A-40EA-B94D-8E7D81E630DF}.Debug|Any CPU.ActiveCfg = Debug|Any CPU
		{E2C28E27-190A-40EA-B94D-8E7D81E630DF}.Debug|Any CPU.Build.0 = Debug|Any CPU
		{E2C28E27-190A-40EA-B94D-8E7D81E630DF}.Release|Any CPU.ActiveCfg = Release|Any CPU
		{E2C28E27-190A-40EA-B94D-8E7D81E630DF}.Release|Any CPU.Build.0 = Release|Any CPU
	EndGlobalSection
	GlobalSection(SolutionProperties) = preSolution
		HideSolutionNode = FALSE
	EndGlobalSection
	GlobalSection(NestedProjects) = preSolution
		{96DB4C43-9847-4746-B9DC-68E7D2008720} = {681A74CB-5FC4-4F1E-A6C1-B24B1D5D173B}
		{C7912BDD-73E6-4168-8282-570CA2B13D42} = {3B65C304-7EAE-4F50-9894-1219509AFDCB}
		{E2C28E27-190A-40EA-B94D-8E7D81E630DF} = {681A74CB-5FC4-4F1E-A6C1-B24B1D5D173B}
	EndGlobalSection
	GlobalSection(ExtensibilityGlobals) = postSolution
		SolutionGuid = {0CFFBE25-92CC-49E7-A82C-1C2AD4D2CBE1}
	EndGlobalSection
EndGlobal
